Microsoft Visual Studio Solution File, Format Version 12.00
# Visual Studio 14
VisualStudioVersion = 14.0.24720.0
MinimumVisualStudioVersion = 10.0.40219.1
Project("{FAE04EC0-301F-11D3-BF4B-00C04F79EFBC}") = "ScheduledSqlJobs", "ScheduledJobs\ScheduledSqlJobs.csproj", "{3BF02EAD-263B-4F26-8EF5-0A31A62666CC}"
EndProject
Project("{2150E333-8FDC-42A3-9474-1A3956D46DE8}") = "Build", "Build", "{C1FEF890-6E22-4AEF-8B8F-58AF69B95A54}"
	ProjectSection(SolutionItems) = preProject
		appveyor.yml = appveyor.yml
	EndProjectSection
EndProject
Global
	GlobalSection(SolutionConfigurationPlatforms) = preSolution
		Debug|Any CPU = Debug|Any CPU
		Release|Any CPU = Release|Any CPU
	EndGlobalSection
	GlobalSection(ProjectConfigurationPlatforms) = postSolution
		{3BF02EAD-263B-4F26-8EF5-0A31A62666CC}.Debug|Any CPU.ActiveCfg = Debug|Any CPU
		{3BF02EAD-263B-4F26-8EF5-0A31A62666CC}.Debug|Any CPU.Build.0 = Debug|Any CPU
		{3BF02EAD-263B-4F26-8EF5-0A31A62666CC}.Release|Any CPU.ActiveCfg = Release|Any CPU
		{3BF02EAD-263B-4F26-8EF5-0A31A62666CC}.Release|Any CPU.Build.0 = Release|Any CPU
	EndGlobalSection
	GlobalSection(SolutionProperties) = preSolution
		HideSolutionNode = FALSE
	EndGlobalSection
EndGlobal
